
Microsoft Visual Studio Solution File, Format Version 12.00
# Visual Studio Version 17
VisualStudioVersion = 17.8.34330.188
MinimumVisualStudioVersion = 10.0.40219.1
Project("{9A19103F-16F7-4668-BE54-9A1E7A4F7556}") = "CVProjekt1.0", "CVProjekt1.0.csproj", "{1CCB789D-94D5-44A9-9EA9-D90D0E26859D}"
EndProject
Global
	GlobalSection(SolutionConfigurationPlatforms) = preSolution
		Debug|Any CPU = Debug|Any CPU
		Release|Any CPU = Release|Any CPU
	EndGlobalSection
	GlobalSection(ProjectConfigurationPlatforms) = postSolution
		{1CCB789D-94D5-44A9-9EA9-D90D0E26859D}.Debug|Any CPU.ActiveCfg = Debug|Any CPU
		{1CCB789D-94D5-44A9-9EA9-D90D0E26859D}.Debug|Any CPU.Build.0 = Debug|Any CPU
		{1CCB789D-94D5-44A9-9EA9-D90D0E26859D}.Release|Any CPU.ActiveCfg = Release|Any CPU
		{1CCB789D-94D5-44A9-9EA9-D90D0E26859D}.Release|Any CPU.Build.0 = Release|Any CPU
	EndGlobalSection
	GlobalSection(SolutionProperties) = preSolution
		HideSolutionNode = FALSE
	EndGlobalSection
	GlobalSection(ExtensibilityGlobals) = postSolution
		SolutionGuid = {D02CEA96-C947-483A-8201-D4CBF2D81E74}
	EndGlobalSection
EndGlobal
